
Microsoft Visual Studio Solution File, Format Version 12.00
# Visual Studio 2013
VisualStudioVersion = 12.0.21005.1
MinimumVisualStudioVersion = 10.0.40219.1
Project("{FAE04EC0-301F-11D3-BF4B-00C04F79EFBC}") = "YodoSpeak", "YodoSpeak\YodoSpeak.csproj", "{D8755BCA-8AA7-4DCB-8A35-141C2BBE2497}"
EndProject
Project("{FAE04EC0-301F-11D3-BF4B-00C04F79EFBC}") = "NunitTest.YodaSpeak", "NunitYodaSpeak\NunitTest.YodaSpeak.csproj", "{CB999783-337E-4C4E-B06A-F8646129067C}"
EndProject
Project("{2150E333-8FDC-42A3-9474-1A3956D46DE8}") = ".nuget", ".nuget", "{8C2914C4-A855-4CA1-84E8-CC0E8950C4D0}"
	ProjectSection(SolutionItems) = preProject
		.nuget\packages.config = .nuget\packages.config
	EndProjectSection
EndProject
Global
	GlobalSection(SolutionConfigurationPlatforms) = preSolution
		Debug|Any CPU = Debug|Any CPU
		Release|Any CPU = Release|Any CPU
	EndGlobalSection
	GlobalSection(ProjectConfigurationPlatforms) = postSolution
		{D8755BCA-8AA7-4DCB-8A35-141C2BBE2497}.Debug|Any CPU.ActiveCfg = Debug|Any CPU
		{D8755BCA-8AA7-4DCB-8A35-141C2BBE2497}.Debug|Any CPU.Build.0 = Debug|Any CPU
		{D8755BCA-8AA7-4DCB-8A35-141C2BBE2497}.Release|Any CPU.ActiveCfg = Release|Any CPU
		{D8755BCA-8AA7-4DCB-8A35-141C2BBE2497}.Release|Any CPU.Build.0 = Release|Any CPU
		{CB999783-337E-4C4E-B06A-F8646129067C}.Debug|Any CPU.ActiveCfg = Debug|Any CPU
		{CB999783-337E-4C4E-B06A-F8646129067C}.Debug|Any CPU.Build.0 = Debug|Any CPU
		{CB999783-337E-4C4E-B06A-F8646129067C}.Release|Any CPU.ActiveCfg = Release|Any CPU
		{CB999783-337E-4C4E-B06A-F8646129067C}.Release|Any CPU.Build.0 = Release|Any CPU
	EndGlobalSection
	GlobalSection(SolutionProperties) = preSolution
		HideSolutionNode = FALSE
	EndGlobalSection
EndGlobal
